
Microsoft Visual Studio Solution File, Format Version 12.00
# Visual Studio Version 17
VisualStudioVersion = 17.9.34902.65
MinimumVisualStudioVersion = 10.0.40219.1
Project("{FAE04EC0-301F-11D3-BF4B-00C04F79EFBC}") = "DynamicFormAPI", "DynamicFormAPI\DynamicFormAPI.csproj", "{52055980-AE4E-4773-95BC-D126CC9C427D}"
EndProject
Project("{FAE04EC0-301F-11D3-BF4B-00C04F79EFBC}") = "DynamicFormApi.Tests", "DynamicFormApi.Tests\DynamicFormApi.Tests.csproj", "{10B689F7-F7A7-45C9-8ED1-7F88717ABA4B}"
EndProject
Global
	GlobalSection(SolutionConfigurationPlatforms) = preSolution
		Debug|Any CPU = Debug|Any CPU
		Release|Any CPU = Release|Any CPU
	EndGlobalSection
	GlobalSection(ProjectConfigurationPlatforms) = postSolution
		{52055980-AE4E-4773-95BC-D126CC9C427D}.Debug|Any CPU.ActiveCfg = Debug|Any CPU
		{52055980-AE4E-4773-95BC-D126CC9C427D}.Debug|Any CPU.Build.0 = Debug|Any CPU
		{52055980-AE4E-4773-95BC-D126CC9C427D}.Release|Any CPU.ActiveCfg = Release|Any CPU
		{52055980-AE4E-4773-95BC-D126CC9C427D}.Release|Any CPU.Build.0 = Release|Any CPU
		{10B689F7-F7A7-45C9-8ED1-7F88717ABA4B}.Debug|Any CPU.ActiveCfg = Debug|Any CPU
		{10B689F7-F7A7-45C9-8ED1-7F88717ABA4B}.Debug|Any CPU.Build.0 = Debug|Any CPU
		{10B689F7-F7A7-45C9-8ED1-7F88717ABA4B}.Release|Any CPU.ActiveCfg = Release|Any CPU
		{10B689F7-F7A7-45C9-8ED1-7F88717ABA4B}.Release|Any CPU.Build.0 = Release|Any CPU
	EndGlobalSection
	GlobalSection(SolutionProperties) = preSolution
		HideSolutionNode = FALSE
	EndGlobalSection
	GlobalSection(ExtensibilityGlobals) = postSolution
		SolutionGuid = {EC2307F7-DAA1-49C7-B61E-7E5A581FADFC}
	EndGlobalSection
EndGlobal
